Microsoft Visual Studio Solution File, Format Version 12.00
# Visual Studio Version 17
VisualStudioVersion = 17.5.2.0
MinimumVisualStudioVersion = 10.0.40219.1
Project("{FAE04EC0-301F-11D3-BF4B-00C04F79EFBC}") = "SportCenter.BLL", "SportCenter.BLL\SportCenter.BLL.csproj", "{FA40466F-535B-4730-A67D-3912A74D9C99}"
EndProject
Project("{FAE04EC0-301F-11D3-BF4B-00C04F79EFBC}") = "SportCenter.DAL", "SportCenter.DAL\SportCenter.DAL.csproj", "{B6E9315B-D4C4-F5CF-9A4F-713C5ED2A72F}"
EndProject
Project("{FAE04EC0-301F-11D3-BF4B-00C04F79EFBC}") = "SportCenter.Models", "SportCenter.Models\SportCenter.Models.csproj", "{58B5FE1B-E3CE-72D6-E85A-6FCF755485BB}"
EndProject
Project("{FAE04EC0-301F-11D3-BF4B-00C04F79EFBC}") = "SportCenter.Web", "SportCenter.Web\SportCenter.Web.csproj", "{9D0AC8AF-50D6-79FF-3534-5811E5DF29C3}"
EndProject
Global
	GlobalSection(SolutionConfigurationPlatforms) = preSolution
		Debug|Any CPU = Debug|Any CPU
		Release|Any CPU = Release|Any CPU
	EndGlobalSection
	GlobalSection(ProjectConfigurationPlatforms) = postSolution
		{FA40466F-535B-4730-A67D-3912A74D9C99}.Debug|Any CPU.ActiveCfg = Debug|Any CPU
		{FA40466F-535B-4730-A67D-3912A74D9C99}.Debug|Any CPU.Build.0 = Debug|Any CPU
		{FA40466F-535B-4730-A67D-3912A74D9C99}.Release|Any CPU.ActiveCfg = Release|Any CPU
		{FA40466F-535B-4730-A67D-3912A74D9C99}.Release|Any CPU.Build.0 = Release|Any CPU
		{B6E9315B-D4C4-F5CF-9A4F-713C5ED2A72F}.Debug|Any CPU.ActiveCfg = Debug|Any CPU
		{B6E9315B-D4C4-F5CF-9A4F-713C5ED2A72F}.Debug|Any CPU.Build.0 = Debug|Any CPU
		{B6E9315B-D4C4-F5CF-9A4F-713C5ED2A72F}.Release|Any CPU.ActiveCfg = Release|Any CPU
		{B6E9315B-D4C4-F5CF-9A4F-713C5ED2A72F}.Release|Any CPU.Build.0 = Release|Any CPU
		{58B5FE1B-E3CE-72D6-E85A-6FCF755485BB}.Debug|Any CPU.ActiveCfg = Debug|Any CPU
		{58B5FE1B-E3CE-72D6-E85A-6FCF755485BB}.Debug|Any CPU.Build.0 = Debug|Any CPU
		{58B5FE1B-E3CE-72D6-E85A-6FCF755485BB}.Release|Any CPU.ActiveCfg = Release|Any CPU
		{58B5FE1B-E3CE-72D6-E85A-6FCF755485BB}.Release|Any CPU.Build.0 = Release|Any CPU
		{9D0AC8AF-50D6-79FF-3534-5811E5DF29C3}.Debug|Any CPU.ActiveCfg = Debug|Any CPU
		{9D0AC8AF-50D6-79FF-3534-5811E5DF29C3}.Debug|Any CPU.Build.0 = Debug|Any CPU
		{9D0AC8AF-50D6-79FF-3534-5811E5DF29C3}.Release|Any CPU.ActiveCfg = Release|Any CPU
		{9D0AC8AF-50D6-79FF-3534-5811E5DF29C3}.Release|Any CPU.Build.0 = Release|Any CPU
	EndGlobalSection
	GlobalSection(SolutionProperties) = preSolution
		HideSolutionNode = FALSE
	EndGlobalSection
	GlobalSection(ExtensibilityGlobals) = postSolution
		SolutionGuid = {16A8DE10-CED4-4AC1-8AC3-EDF23B292E4D}
	EndGlobalSection
EndGlobal
